
Microsoft Visual Studio Solution File, Format Version 12.00
# Visual Studio Version 17
VisualStudioVersion = 17.1.32210.238
MinimumVisualStudioVersion = 10.0.40219.1
Project("{FAE04EC0-301F-11D3-BF4B-00C04F79EFBC}") = "FizzBuzzDotNet", "FizzBuzzDotNet\FizzBuzzDotNet.csproj", "{EB8D22AF-2D0A-4FF4-9381-47224FED8EE6}"
EndProject
Project("{FAE04EC0-301F-11D3-BF4B-00C04F79EFBC}") = "Tests", "Tests\Tests.csproj", "{88462523-0AA2-43BC-A8CF-12AC8FA46774}"
EndProject
Global
	GlobalSection(SolutionConfigurationPlatforms) = preSolution
		Debug|Any CPU = Debug|Any CPU
		Release|Any CPU = Release|Any CPU
	EndGlobalSection
	GlobalSection(ProjectConfigurationPlatforms) = postSolution
		{EB8D22AF-2D0A-4FF4-9381-47224FED8EE6}.Debug|Any CPU.ActiveCfg = Debug|Any CPU
		{EB8D22AF-2D0A-4FF4-9381-47224FED8EE6}.Debug|Any CPU.Build.0 = Debug|Any CPU
		{EB8D22AF-2D0A-4FF4-9381-47224FED8EE6}.Release|Any CPU.ActiveCfg = Release|Any CPU
		{EB8D22AF-2D0A-4FF4-9381-47224FED8EE6}.Release|Any CPU.Build.0 = Release|Any CPU
		{88462523-0AA2-43BC-A8CF-12AC8FA46774}.Debug|Any CPU.ActiveCfg = Debug|Any CPU
		{88462523-0AA2-43BC-A8CF-12AC8FA46774}.Debug|Any CPU.Build.0 = Debug|Any CPU
		{88462523-0AA2-43BC-A8CF-12AC8FA46774}.Release|Any CPU.ActiveCfg = Release|Any CPU
		{88462523-0AA2-43BC-A8CF-12AC8FA46774}.Release|Any CPU.Build.0 = Release|Any CPU
	EndGlobalSection
	GlobalSection(SolutionProperties) = preSolution
		HideSolutionNode = FALSE
	EndGlobalSection
	GlobalSection(ExtensibilityGlobals) = postSolution
		SolutionGuid = {C122FEA7-1C8C-4ACB-ABC7-4C11B82CBFC0}
	EndGlobalSection
EndGlobal
